
Microsoft Visual Studio Solution File, Format Version 12.00
# Visual Studio 14
VisualStudioVersion = 14.0.25420.1
MinimumVisualStudioVersion = 10.0.40219.1
Project("{FAE04EC0-301F-11D3-BF4B-00C04F79EFBC}") = "DevOpsWeb", "DevOpsWeb\DevOpsWeb.csproj", "{BA64F941-A73C-4E44-ACBF-0709EFD3741B}"
EndProject
Project("{FAE04EC0-301F-11D3-BF4B-00C04F79EFBC}") = "DevOpsWeb.Tests", "DevOpsWeb.Tests\DevOpsWeb.Tests.csproj", "{1E092C14-7CA0-46A9-A810-F2CDF5CD3181}"
EndProject
Global
	GlobalSection(SolutionConfigurationPlatforms) = preSolution
		Debug|Any CPU = Debug|Any CPU
		Release|Any CPU = Release|Any CPU
	EndGlobalSection
	GlobalSection(ProjectConfigurationPlatforms) = postSolution
		{BA64F941-A73C-4E44-ACBF-0709EFD3741B}.Debug|Any CPU.ActiveCfg = Debug|Any CPU
		{BA64F941-A73C-4E44-ACBF-0709EFD3741B}.Debug|Any CPU.Build.0 = Debug|Any CPU
		{BA64F941-A73C-4E44-ACBF-0709EFD3741B}.Release|Any CPU.ActiveCfg = Release|Any CPU
		{BA64F941-A73C-4E44-ACBF-0709EFD3741B}.Release|Any CPU.Build.0 = Release|Any CPU
		{1E092C14-7CA0-46A9-A810-F2CDF5CD3181}.Debug|Any CPU.ActiveCfg = Debug|Any CPU
		{1E092C14-7CA0-46A9-A810-F2CDF5CD3181}.Debug|Any CPU.Build.0 = Debug|Any CPU
		{1E092C14-7CA0-46A9-A810-F2CDF5CD3181}.Release|Any CPU.ActiveCfg = Release|Any CPU
		{1E092C14-7CA0-46A9-A810-F2CDF5CD3181}.Release|Any CPU.Build.0 = Release|Any CPU
	EndGlobalSection
	GlobalSection(SolutionProperties) = preSolution
		HideSolutionNode = FALSE
	EndGlobalSection
EndGlobal
